Microsoft Visual Studio Solution File, Format Version 11.00
# Visual Studio 2008

Project("{6A636356-0F4A-8410-13A2-8D9F6DBD4686}") = "b4_test", "Assembly-UnityScript.unityproj", "{B36A1263-1D9E-03A8-2CD8-37BC09163B29}"
EndProject
Global
	GlobalSection(SolutionConfigurationPlatforms) = preSolution
		Debug|Any CPU = Debug|Any CPU
		Release|Any CPU = Release|Any CPU
	EndGlobalSection
	GlobalSection(ProjectConfigurationPlatforms) = postSolution
		{B36A1263-1D9E-03A8-2CD8-37BC09163B29}.Debug|Any CPU.ActiveCfg = Debug|Any CPU
		{B36A1263-1D9E-03A8-2CD8-37BC09163B29}.Debug|Any CPU.Build.0 = Debug|Any CPU
		{B36A1263-1D9E-03A8-2CD8-37BC09163B29}.Release|Any CPU.ActiveCfg = Release|Any CPU
		{B36A1263-1D9E-03A8-2CD8-37BC09163B29}.Release|Any CPU.Build.0 = Release|Any CPU
	EndGlobalSection
	GlobalSection(SolutionProperties) = preSolution
		HideSolutionNode = FALSE
	EndGlobalSection
																																																																									GlobalSection(MonoDevelopProperties) = preSolution
		StartupItem = Assembly-CSharp.csproj
		Policies = $0
		$0.TextStylePolicy = $1
		$1.inheritsSet = null
		$1.scope = text/x-csharp
		$0.CSharpFormattingPolicy = $2
		$2.inheritsSet = Mono
		$2.inheritsScope = text/x-csharp
		$2.scope = text/x-csharp
		$0.TextStylePolicy = $3
		$3.FileWidth = 120
		$3.TabWidth = 4
		$3.EolMarker = Unix
		$3.inheritsSet = Mono
		$3.inheritsScope = text/plain
		$3.scope = text/plain
	EndGlobalSection

EndGlobal
